
Microsoft Visual Studio Solution File, Format Version 12.00
# Visual Studio Version 17
VisualStudioVersion = 17.4.33122.133
MinimumVisualStudioVersion = 10.0.40219.1
Project("{9A19103F-16F7-4668-BE54-9A1E7A4F7556}") = "Day1", "Day1\Day1.csproj", "{CE1B1E55-A4EC-4FC5-B9D8-A0D9C4CC755B}"
EndProject
Project("{9A19103F-16F7-4668-BE54-9A1E7A4F7556}") = "Day2", "Day2\Day2.csproj", "{BA8E1E3F-76AE-4DD3-8E40-3E999A25AEE4}"
EndProject
Project("{9A19103F-16F7-4668-BE54-9A1E7A4F7556}") = "Day3", "Day3\Day3.csproj", "{3163265C-27F0-4EC9-B8F7-CA14D1A65349}"
EndProject
Project("{9A19103F-16F7-4668-BE54-9A1E7A4F7556}") = "Day4", "Day4\Day4.csproj", "{34575C8C-1668-41EB-87C6-1356CEF89441}"
EndProject
Project("{9A19103F-16F7-4668-BE54-9A1E7A4F7556}") = "Day5", "Day5\Day5.csproj", "{D131EBAC-4EE9-477C-8EB0-23FBEC81B6B3}"
EndProject
Project("{9A19103F-16F7-4668-BE54-9A1E7A4F7556}") = "Day6", "Day6\Day6.csproj", "{8DD780F0-9222-4E86-BD46-8894F16FEF98}"
EndProject
Project("{FAE04EC0-301F-11D3-BF4B-00C04F79EFBC}") = "Day7", "Day7\Day7.csproj", "{24627F70-A8FA-4C09-8FEC-5EDDD64E3603}"
EndProject
Global
	GlobalSection(SolutionConfigurationPlatforms) = preSolution
		Debug|Any CPU = Debug|Any CPU
		Release|Any CPU = Release|Any CPU
	EndGlobalSection
	GlobalSection(ProjectConfigurationPlatforms) = postSolution
		{CE1B1E55-A4EC-4FC5-B9D8-A0D9C4CC755B}.Debug|Any CPU.ActiveCfg = Debug|Any CPU
		{CE1B1E55-A4EC-4FC5-B9D8-A0D9C4CC755B}.Debug|Any CPU.Build.0 = Debug|Any CPU
		{CE1B1E55-A4EC-4FC5-B9D8-A0D9C4CC755B}.Release|Any CPU.ActiveCfg = Release|Any CPU
		{CE1B1E55-A4EC-4FC5-B9D8-A0D9C4CC755B}.Release|Any CPU.Build.0 = Release|Any CPU
		{BA8E1E3F-76AE-4DD3-8E40-3E999A25AEE4}.Debug|Any CPU.ActiveCfg = Debug|Any CPU
		{BA8E1E3F-76AE-4DD3-8E40-3E999A25AEE4}.Debug|Any CPU.Build.0 = Debug|Any CPU
		{BA8E1E3F-76AE-4DD3-8E40-3E999A25AEE4}.Release|Any CPU.ActiveCfg = Release|Any CPU
		{BA8E1E3F-76AE-4DD3-8E40-3E999A25AEE4}.Release|Any CPU.Build.0 = Release|Any CPU
		{3163265C-27F0-4EC9-B8F7-CA14D1A65349}.Debug|Any CPU.ActiveCfg = Debug|Any CPU
		{3163265C-27F0-4EC9-B8F7-CA14D1A65349}.Debug|Any CPU.Build.0 = Debug|Any CPU
		{3163265C-27F0-4EC9-B8F7-CA14D1A65349}.Release|Any CPU.ActiveCfg = Release|Any CPU
		{3163265C-27F0-4EC9-B8F7-CA14D1A65349}.Release|Any CPU.Build.0 = Release|Any CPU
		{34575C8C-1668-41EB-87C6-1356CEF89441}.Debug|Any CPU.ActiveCfg = Debug|Any CPU
		{34575C8C-1668-41EB-87C6-1356CEF89441}.Debug|Any CPU.Build.0 = Debug|Any CPU
		{34575C8C-1668-41EB-87C6-1356CEF89441}.Release|Any CPU.ActiveCfg = Release|Any CPU
		{34575C8C-1668-41EB-87C6-1356CEF89441}.Release|Any CPU.Build.0 = Release|Any CPU
		{D131EBAC-4EE9-477C-8EB0-23FBEC81B6B3}.Debug|Any CPU.ActiveCfg = Debug|Any CPU
		{D131EBAC-4EE9-477C-8EB0-23FBEC81B6B3}.Debug|Any CPU.Build.0 = Debug|Any CPU
		{D131EBAC-4EE9-477C-8EB0-23FBEC81B6B3}.Release|Any CPU.ActiveCfg = Release|Any CPU
		{D131EBAC-4EE9-477C-8EB0-23FBEC81B6B3}.Release|Any CPU.Build.0 = Release|Any CPU
		{8DD780F0-9222-4E86-BD46-8894F16FEF98}.Debug|Any CPU.ActiveCfg = Debug|Any CPU
		{8DD780F0-9222-4E86-BD46-8894F16FEF98}.Debug|Any CPU.Build.0 = Debug|Any CPU
		{8DD780F0-9222-4E86-BD46-8894F16FEF98}.Release|Any CPU.ActiveCfg = Release|Any CPU
		{8DD780F0-9222-4E86-BD46-8894F16FEF98}.Release|Any CPU.Build.0 = Release|Any CPU
		{24627F70-A8FA-4C09-8FEC-5EDDD64E3603}.Debug|Any CPU.ActiveCfg = Debug|Any CPU
		{24627F70-A8FA-4C09-8FEC-5EDDD64E3603}.Debug|Any CPU.Build.0 = Debug|Any CPU
		{24627F70-A8FA-4C09-8FEC-5EDDD64E3603}.Release|Any CPU.ActiveCfg = Release|Any CPU
		{24627F70-A8FA-4C09-8FEC-5EDDD64E3603}.Release|Any CPU.Build.0 = Release|Any CPU
	EndGlobalSection
	GlobalSection(SolutionProperties) = preSolution
		HideSolutionNode = FALSE
	EndGlobalSection
	GlobalSection(ExtensibilityGlobals) = postSolution
		SolutionGuid = {A151A3FF-824E-4821-BF4F-9B7C009141B3}
	EndGlobalSection
EndGlobal
