
Microsoft Visual Studio Solution File, Format Version 12.00
# Visual Studio Version 16
VisualStudioVersion = 16.0.30907.101
MinimumVisualStudioVersion = 10.0.40219.1
Project("{9A19103F-16F7-4668-BE54-9A1E7A4F7556}") = "Day1", "Day1\Day1.csproj", "{CE1B1E55-A4EC-4FC5-B9D8-A0D9C4CC755B}"
EndProject
Global
	GlobalSection(SolutionConfigurationPlatforms) = preSolution
		Debug|Any CPU = Debug|Any CPU
		Release|Any CPU = Release|Any CPU
	EndGlobalSection
	GlobalSection(ProjectConfigurationPlatforms) = postSolution
		{CE1B1E55-A4EC-4FC5-B9D8-A0D9C4CC755B}.Debug|Any CPU.ActiveCfg = Debug|Any CPU
		{CE1B1E55-A4EC-4FC5-B9D8-A0D9C4CC755B}.Debug|Any CPU.Build.0 = Debug|Any CPU
		{CE1B1E55-A4EC-4FC5-B9D8-A0D9C4CC755B}.Release|Any CPU.ActiveCfg = Release|Any CPU
		{CE1B1E55-A4EC-4FC5-B9D8-A0D9C4CC755B}.Release|Any CPU.Build.0 = Release|Any CPU
	EndGlobalSection
	GlobalSection(SolutionProperties) = preSolution
		HideSolutionNode = FALSE
	EndGlobalSection
	GlobalSection(ExtensibilityGlobals) = postSolution
		SolutionGuid = {A151A3FF-824E-4821-BF4F-9B7C009141B3}
	EndGlobalSection
EndGlobal
